
Microsoft Visual Studio Solution File, Format Version 12.00
# Visual Studio Version 17
VisualStudioVersion = 17.6.33829.357
MinimumVisualStudioVersion = 10.0.40219.1
Project("{9A19103F-16F7-4668-BE54-9A1E7A4F7556}") = "ExcelConverter", "ExcelConverter\ExcelConverter.csproj", "{F4134DF4-CD01-46AD-A4F6-AFF13373961F}"
EndProject
Global
	GlobalSection(SolutionConfigurationPlatforms) = preSolution
		Debug|Any CPU = Debug|Any CPU
		Release|Any CPU = Release|Any CPU
	EndGlobalSection
	GlobalSection(ProjectConfigurationPlatforms) = postSolution
		{F4134DF4-CD01-46AD-A4F6-AFF13373961F}.Debug|Any CPU.ActiveCfg = Debug|Any CPU
		{F4134DF4-CD01-46AD-A4F6-AFF13373961F}.Debug|Any CPU.Build.0 = Debug|Any CPU
		{F4134DF4-CD01-46AD-A4F6-AFF13373961F}.Release|Any CPU.ActiveCfg = Release|Any CPU
		{F4134DF4-CD01-46AD-A4F6-AFF13373961F}.Release|Any CPU.Build.0 = Release|Any CPU
	EndGlobalSection
	GlobalSection(SolutionProperties) = preSolution
		HideSolutionNode = FALSE
	EndGlobalSection
	GlobalSection(ExtensibilityGlobals) = postSolution
		SolutionGuid = {4EF4A8D3-AD78-494D-8EC9-25E6B3D830D0}
	EndGlobalSection
EndGlobal
